{
  "name": "css-the-hacker-times-part-1",
  "version": "1.0.0",
  "lockfileVersion": 2,
  "requires": true,
  "packages": {
    "": {
      "name": "css-the-hacker-times-part-1",
      "version": "1.0.0",
      "license": "ISC",
      "dependencies": {
        "package-lock.json": "^1.0.0"
      },
      "devDependencies": {}
    },
    "node_modules/package-lock.json": {
      "version": "1.0.0"
    }
  },
  "dependencies": {
    "package-lock.json": {
      "version": "1.0.0"
    }
  }
}
